
Microsoft Visual Studio Solution File, Format Version 12.00
# Visual Studio 15
Project("{FAE04EC0-301F-11D3-BF4B-00C04F79EFBC}") = "Assembly-CSharp", "Assembly-CSharp.csproj", "{5CDA6ABE-1B1A-C1E4-7367-02D7C91014A1}"
EndProject
Project("{FAE04EC0-301F-11D3-BF4B-00C04F79EFBC}") = "Assembly-CSharp-Editor", "Assembly-CSharp-Editor.csproj", "{C57D7CAD-CC82-91F0-5B2E-E5C1E7519750}"
EndProject
Global
	GlobalSection(SolutionConfigurationPlatforms) = preSolution
		Debug|Any CPU = Debug|Any CPU
		Release|Any CPU = Release|Any CPU
	EndGlobalSection
	GlobalSection(ProjectConfigurationPlatforms) = postSolution
		{5CDA6ABE-1B1A-C1E4-7367-02D7C91014A1}.Debug|Any CPU.ActiveCfg = Debug|Any CPU
		{5CDA6ABE-1B1A-C1E4-7367-02D7C91014A1}.Debug|Any CPU.Build.0 = Debug|Any CPU
		{5CDA6ABE-1B1A-C1E4-7367-02D7C91014A1}.Release|Any CPU.ActiveCfg = Release|Any CPU
		{5CDA6ABE-1B1A-C1E4-7367-02D7C91014A1}.Release|Any CPU.Build.0 = Release|Any CPU
		{C57D7CAD-CC82-91F0-5B2E-E5C1E7519750}.Debug|Any CPU.ActiveCfg = Debug|Any CPU
		{C57D7CAD-CC82-91F0-5B2E-E5C1E7519750}.Debug|Any CPU.Build.0 = Debug|Any CPU
		{C57D7CAD-CC82-91F0-5B2E-E5C1E7519750}.Release|Any CPU.ActiveCfg = Release|Any CPU
		{C57D7CAD-CC82-91F0-5B2E-E5C1E7519750}.Release|Any CPU.Build.0 = Release|Any CPU
	EndGlobalSection
	GlobalSection(SolutionProperties) = preSolution
		HideSolutionNode = FALSE
	EndGlobalSection
EndGlobal
